// !$*UTF8*$!
{
	archiveVersion = 1;
	classes = {
	};
	objectVersion = 56;
	objects = {

/* Begin PBXBuildFile section */
		D766EDB32BD6DAA900292298 /* IconGrid.swift in Sources */ = {isa = PBXBuildFile; fileRef = D766EDB22BD6DAA900292298 /* IconGrid.swift */; };
		D7756DC52BCC457900DD156B /* ExchangeInfo.swift in Sources */ = {isa = PBXBuildFile; fileRef = D7756DC42BCC457900DD156B /* ExchangeInfo.swift */; };
		D7756DC72BCC496300DD156B /* ExchangeRate.swift in Sources */ = {isa = PBXBuildFile; fileRef = D7756DC62BCC496300DD156B /* ExchangeRate.swift */; };
		D7756DC92BCDB1FF00DD156B /* SelectCurrency.swift in Sources */ = {isa = PBXBuildFile; fileRef = D7756DC82BCDB1FF00DD156B /* SelectCurrency.swift */; };
		D7756DCB2BCDB66500DD156B /* CurrencyIcon.swift in Sources */ = {isa = PBXBuildFile; fileRef = D7756DCA2BCDB66500DD156B /* CurrencyIcon.swift */; };
		D77731D42BDD6B270091FEFF /* CurrencyTip.swift in Sources */ = {isa = PBXBuildFile; fileRef = D77731D32BDD6B270091FEFF /* CurrencyTip.swift */; };
		D7884D462BCB102E0015967C /* LOTRconverterApp.swift in Sources */ = {isa = PBXBuildFile; fileRef = D7884D452BCB102E0015967C /* LOTRconverterApp.swift */; };
		D7884D482BCB102E0015967C /* ContentView.swift in Sources */ = {isa = PBXBuildFile; fileRef = D7884D472BCB102E0015967C /* ContentView.swift */; };
		D7884D4A2BCB102F0015967C /* Assets.xcassets in Resources */ = {isa = PBXBuildFile; fileRef = D7884D492BCB102F0015967C /* Assets.xcassets */; };
		D7884D4D2BCB102F0015967C /* Preview Assets.xcassets in Resources */ = {isa = PBXBuildFile; fileRef = D7884D4C2BCB102F0015967C /* Preview Assets.xcassets */; };
		D7FDDB572BD05600002F29D3 /* Currency.swift in Sources */ = {isa = PBXBuildFile; fileRef = D7FDDB562BD05600002F29D3 /* Currency.swift */; };
/* End PBXBuildFile section */

/* Begin PBXFileReference section */
		D766EDB22BD6DAA900292298 /* IconGrid.swift */ = {isa = PBXFileReference; lastKnownFileType = sourcecode.swift; path = IconGrid.swift; sourceTree = "<group>"; };
		D7756DC42BCC457900DD156B /* ExchangeInfo.swift */ = {isa = PBXFileReference; lastKnownFileType = sourcecode.swift; path = ExchangeInfo.swift; sourceTree = "<group>"; };
		D7756DC62BCC496300DD156B /* ExchangeRate.swift */ = {isa = PBXFileReference; lastKnownFileType = sourcecode.swift; path = ExchangeRate.swift; sourceTree = "<group>"; };
		D7756DC82BCDB1FF00DD156B /* SelectCurrency.swift */ = {isa = PBXFileReference; lastKnownFileType = sourcecode.swift; path = SelectCurrency.swift; sourceTree = "<group>"; };
		D7756DCA2BCDB66500DD156B /* CurrencyIcon.swift */ = {isa = PBXFileReference; lastKnownFileType = sourcecode.swift; path = CurrencyIcon.swift; sourceTree = "<group>"; };
		D77731D32BDD6B270091FEFF /* CurrencyTip.swift */ = {isa = PBXFileReference; lastKnownFileType = sourcecode.swift; path = CurrencyTip.swift; sourceTree = "<group>"; };
		D7884D422BCB102E0015967C /* LOTRconverter.app */ = {isa = PBXFileReference; explicitFileType = wrapper.application; includeInIndex = 0; path = LOTRconverter.app; sourceTree = BUILT_PRODUCTS_DIR; };
		D7884D452BCB102E0015967C /* LOTRconverterApp.swift */ = {isa = PBXFileReference; lastKnownFileType = sourcecode.swift; path = LOTRconverterApp.swift; sourceTree = "<group>"; };
		D7884D472BCB102E0015967C /* ContentView.swift */ = {isa = PBXFileReference; lastKnownFileType = sourcecode.swift; path = ContentView.swift; sourceTree = "<group>"; };
		D7884D492BCB102F0015967C /* Assets.xcassets */ = {isa = PBXFileReference; lastKnownFileType = folder.assetcatalog; path = Assets.xcassets; sourceTree = "<group>"; };
		D7884D4C2BCB102F0015967C /* Preview Assets.xcassets */ = {isa = PBXFileReference; lastKnownFileType = folder.assetcatalog; path = "Preview Assets.xcassets"; sourceTree = "<group>"; };
		D7FDDB562BD05600002F29D3 /* Currency.swift */ = {isa = PBXFileReference; lastKnownFileType = sourcecode.swift; path = Currency.swift; sourceTree = "<group>"; };
/* End PBXFileReference section */

/* Begin PBXFrameworksBuildPhase section */
		D7884D3F2BCB102E0015967C /* Frameworks */ = {
			isa = PBXFrameworksBuildPhase;
			buildActionMask = 2147483647;
			files = (
			);
			runOnlyForDeploymentPostprocessing = 0;
		};
/* End PBXFrameworksBuildPhase section */

/* Begin PBXGroup section */
		D7884D392BCB102E0015967C = {
			isa = PBXGroup;
			children = (
				D7884D442BCB102E0015967C /* LOTRconverter */,
				D7884D432BCB102E0015967C /* Products */,
			);
			sourceTree = "<group>";
		};
		D7884D432BCB102E0015967C /* Products */ = {
			isa = PBXGroup;
			children = (
				D7884D422BCB102E0015967C /* LOTRconverter.app */,
			);
			name = Products;
			sourceTree = "<group>";
		};
		D7884D442BCB102E0015967C /* LOTRconverter */ = {
			isa = PBXGroup;
			children = (
				D7884D452BCB102E0015967C /* LOTRconverterApp.swift */,
				D7FDDB562BD05600002F29D3 /* Currency.swift */,
				D7884D472BCB102E0015967C /* ContentView.swift */,
				D7756DC82BCDB1FF00DD156B /* SelectCurrency.swift */,
				D766EDB22BD6DAA900292298 /* IconGrid.swift */,
				D7756DCA2BCDB66500DD156B /* CurrencyIcon.swift */,
				D7756DC42BCC457900DD156B /* ExchangeInfo.swift */,
				D7756DC62BCC496300DD156B /* ExchangeRate.swift */,
				D77731D32BDD6B270091FEFF /* CurrencyTip.swift */,
				D7884D492BCB102F0015967C /* Assets.xcassets */,
				D7884D4B2BCB102F0015967C /* Preview Content */,
			);
			path = LOTRconverter;
			sourceTree = "<group>";
		};
		D7884D4B2BCB102F0015967C /* Preview Content */ = {
			isa = PBXGroup;
			children = (
				D7884D4C2BCB102F0015967C /* Preview Assets.xcassets */,
			);
			path = "Preview Content";
			sourceTree = "<group>";
		};
/* End PBXGroup section */

/* Begin PBXNativeTarget section */
		D7884D412BCB102E0015967C /* LOTRconverter */ = {
			isa = PBXNativeTarget;
			buildConfigurationList = D7884D502BCB102F0015967C /* Build configuration list for PBXNativeTarget "LOTRconverter" */;
			buildPhases = (
				D7884D3E2BCB102E0015967C /* Sources */,
				D7884D3F2BCB102E0015967C /* Frameworks */,
				D7884D402BCB102E0015967C /* Resources */,
			);
			buildRules = (
			);
			dependencies = (
			);
			name = LOTRconverter;
			productName = LOTRconverter;
			productReference = D7884D422BCB102E0015967C /* LOTRconverter.app */;
			productType = "com.apple.product-type.application";
		};
/* End PBXNativeTarget section */

/* Begin PBXProject section */
		D7884D3A2BCB102E0015967C /* Project object */ = {
			isa = PBXProject;
			attributes = {
				BuildIndependentTargetsInParallel = 1;
				LastSwiftUpdateCheck = 1530;
				LastUpgradeCheck = 1530;
				TargetAttributes = {
					D7884D412BCB102E0015967C = {
						CreatedOnToolsVersion = 15.3;
					};
				};
			};
			buildConfigurationList = D7884D3D2BCB102E0015967C /* Build configuration list for PBXProject "LOTRconverter" */;
			compatibilityVersion = "Xcode 14.0";
			developmentRegion = en;
			hasScannedForEncodings = 0;
			knownRegions = (
				en,
				Base,
			);
			mainGroup = D7884D392BCB102E0015967C;
			productRefGroup = D7884D432BCB102E0015967C /* Products */;
			projectDirPath = "";
			projectRoot = "";
			targets = (
				D7884D412BCB102E0015967C /* LOTRconverter */,
			);
		};
/* End PBXProject section */

/* Begin PBXResourcesBuildPhase section */
		D7884D402BCB102E0015967C /* Resources */ = {
			isa = PBXResourcesBuildPhase;
			buildActionMask = 2147483647;
			files = (
				D7884D4D2BCB102F0015967C /* Preview Assets.xcassets in Resources */,
				D7884D4A2BCB102F0015967C /* Assets.xcassets in Resources */,
			);
			runOnlyForDeploymentPostprocessing = 0;
		};
/* End PBXResourcesBuildPhase section */

/* Begin PBXSourcesBuildPhase section */
		D7884D3E2BCB102E0015967C /* Sources */ = {
			isa = PBXSourcesBuildPhase;
			buildActionMask = 2147483647;
			files = (
				D766EDB32BD6DAA900292298 /* IconGrid.swift in Sources */,
				D7756DC72BCC496300DD156B /* ExchangeRate.swift in Sources */,
				D7756DC92BCDB1FF00DD156B /* SelectCurrency.swift in Sources */,
				D7756DC52BCC457900DD156B /* ExchangeInfo.swift in Sources */,
				D7884D482BCB102E0015967C /* ContentView.swift in Sources */,
				D77731D42BDD6B270091FEFF /* CurrencyTip.swift in Sources */,
				D7884D462BCB102E0015967C /* LOTRconverterApp.swift in Sources */,
				D7FDDB572BD05600002F29D3 /* Currency.swift in Sources */,
				D7756DCB2BCDB66500DD156B /* CurrencyIcon.swift in Sources */,
			);
			runOnlyForDeploymentPostprocessing = 0;
		};
/* End PBXSourcesBuildPhase section */

/* Begin XCBuildConfiguration section */
		D7884D4E2BCB102F0015967C /* Debug */ = {
			isa = XCBuildConfiguration;
			buildSettings = {
				ALWAYS_SEARCH_USER_PATHS = NO;
				ASSETCATALOG_COMPILER_GENERATE_SWIFT_ASSET_SYMBOL_EXTENSIONS = YES;
				CLANG_ANALYZER_NONNULL = YES;
				CLANG_ANALYZER_NUMBER_OBJECT_CONVERSION = YES_AGGRESSIVE;
				CLANG_CXX_LANGUAGE_STANDARD = "gnu++20";
				CLANG_ENABLE_MODULES = YES;
				CLANG_ENABLE_OBJC_ARC = YES;
				CLANG_ENABLE_OBJC_WEAK = YES;
				CLANG_WARN_BLOCK_CAPTURE_AUTORELEASING = YES;
				CLANG_WARN_BOOL_CONVERSION = YES;
				CLANG_WARN_COMMA = YES;
				CLANG_WARN_CONSTANT_CONVERSION = YES;
				CLANG_WARN_DEPRECATED_OBJC_IMPLEMENTATIONS = YES;
				CLANG_WARN_DIRECT_OBJC_ISA_USAGE = YES_ERROR;
				CLANG_WARN_DOCUMENTATION_COMMENTS = YES;
				CLANG_WARN_EMPTY_BODY = YES;
				CLANG_WARN_ENUM_CONVERSION = YES;
				CLANG_WARN_INFINITE_RECURSION = YES;
				CLANG_WARN_INT_CONVERSION = YES;
				CLANG_WARN_NON_LITERAL_NULL_CONVERSION = YES;
				CLANG_WARN_OBJC_IMPLICIT_RETAIN_SELF = YES;
				CLANG_WARN_OBJC_LITERAL_CONVERSION = YES;
				CLANG_WARN_OBJC_ROOT_CLASS = YES_ERROR;
				CLANG_WARN_QUOTED_INCLUDE_IN_FRAMEWORK_HEADER = YES;
				CLANG_WARN_RANGE_LOOP_ANALYSIS = YES;
				CLANG_WARN_STRICT_PROTOTYPES = YES;
				CLANG_WARN_SUSPICIOUS_MOVE = YES;
				CLANG_WARN_UNGUARDED_AVAILABILITY = YES_AGGRESSIVE;
				CLANG_WARN_UNREACHABLE_CODE = YES;
				CLANG_WARN__DUPLICATE_METHOD_MATCH = YES;
				COPY_PHASE_STRIP = NO;
				DEBUG_INFORMATION_FORMAT = dwarf;
				ENABLE_STRICT_OBJC_MSGSEND = YES;
				ENABLE_TESTABILITY = YES;
				ENABLE_USER_SCRIPT_SANDBOXING = YES;
				GCC_C_LANGUAGE_STANDARD = gnu17;
				GCC_DYNAMIC_NO_PIC = NO;
				GCC_NO_COMMON_BLOCKS = YES;
				GCC_OPTIMIZATION_LEVEL = 0;
				GCC_PREPROCESSOR_DEFINITIONS = (
					"DEBUG=1",
					"$(inherited)",
				);
				GCC_WARN_64_TO_32_BIT_CONVERSION = YES;
				GCC_WARN_ABOUT_RETURN_TYPE = YES_ERROR;
				GCC_WARN_UNDECLARED_SELECTOR = YES;
				GCC_WARN_UNINITIALIZED_AUTOS = YES_AGGRESSIVE;
				GCC_WARN_UNUSED_FUNCTION = YES;
				GCC_WARN_UNUSED_VARIABLE = YES;
				IPHONEOS_DEPLOYMENT_TARGET = 17.4;
				LOCALIZATION_PREFERS_STRING_CATALOGS = YES;
				MTL_ENABLE_DEBUG_INFO = INCLUDE_SOURCE;
				MTL_FAST_MATH = YES;
				ONLY_ACTIVE_ARCH = YES;
				SDKROOT = iphoneos;
				SWIFT_ACTIVE_COMPILATION_CONDITIONS = "DEBUG $(inherited)";
				SWIFT_OPTIMIZATION_LEVEL = "-Onone";
			};
			name = Debug;
		};
		D7884D4F2BCB102F0015967C /* Release */ = {
			isa = XCBuildConfiguration;
			buildSettings = {
				ALWAYS_SEARCH_USER_PATHS = NO;
				ASSETCATALOG_COMPILER_GENERATE_SWIFT_ASSET_SYMBOL_EXTENSIONS = YES;
				CLANG_ANALYZER_NONNULL = YES;
				CLANG_ANALYZER_NUMBER_OBJECT_CONVERSION = YES_AGGRESSIVE;
				CLANG_CXX_LANGUAGE_STANDARD = "gnu++20";
				CLANG_ENABLE_MODULES = YES;
				CLANG_ENABLE_OBJC_ARC = YES;
				CLANG_ENABLE_OBJC_WEAK = YES;
				CLANG_WARN_BLOCK_CAPTURE_AUTORELEASING = YES;
				CLANG_WARN_BOOL_CONVERSION = YES;
				CLANG_WARN_COMMA = YES;
				CLANG_WARN_CONSTANT_CONVERSION = YES;
				CLANG_WARN_DEPRECATED_OBJC_IMPLEMENTATIONS = YES;
				CLANG_WARN_DIRECT_OBJC_ISA_USAGE = YES_ERROR;
				CLANG_WARN_DOCUMENTATION_COMMENTS = YES;
				CLANG_WARN_EMPTY_BODY = YES;
				CLANG_WARN_ENUM_CONVERSION = YES;
				CLANG_WARN_INFINITE_RECURSION = YES;
				CLANG_WARN_INT_CONVERSION = YES;
				CLANG_WARN_NON_LITERAL_NULL_CONVERSION = YES;
				CLANG_WARN_OBJC_IMPLICIT_RETAIN_SELF = YES;
				CLANG_WARN_OBJC_LITERAL_CONVERSION = YES;
				CLANG_WARN_OBJC_ROOT_CLASS = YES_ERROR;
				CLANG_WARN_QUOTED_INCLUDE_IN_FRAMEWORK_HEADER = YES;
				CLANG_WARN_RANGE_LOOP_ANALYSIS = YES;
				CLANG_WARN_STRICT_PROTOTYPES = YES;
				CLANG_WARN_SUSPICIOUS_MOVE = YES;
				CLANG_WARN_UNGUARDED_AVAILABILITY = YES_AGGRESSIVE;
				CLANG_WARN_UNREACHABLE_CODE = YES;
				CLANG_WARN__DUPLICATE_METHOD_MATCH = YES;
				COPY_PHASE_STRIP = NO;
				DEBUG_INFORMATION_FORMAT = "dwarf-with-dsym";
				ENABLE_NS_ASSERTIONS = NO;
				ENABLE_STRICT_OBJC_MSGSEND = YES;
				ENABLE_USER_SCRIPT_SANDBOXING = YES;
				GCC_C_LANGUAGE_STANDARD = gnu17;
				GCC_NO_COMMON_BLOCKS = YES;
				GCC_WARN_64_TO_32_BIT_CONVERSION = YES;
				GCC_WARN_ABOUT_RETURN_TYPE = YES_ERROR;
				GCC_WARN_UNDECLARED_SELECTOR = YES;
				GCC_WARN_UNINITIALIZED_AUTOS = YES_AGGRESSIVE;
				GCC_WARN_UNUSED_FUNCTION = YES;
				GCC_WARN_UNUSED_VARIABLE = YES;
				IPHONEOS_DEPLOYMENT_TARGET = 17.4;
				LOCALIZATION_PREFERS_STRING_CATALOGS = YES;
				MTL_ENABLE_DEBUG_INFO = NO;
				MTL_FAST_MATH = YES;
				SDKROOT = iphoneos;
				SWIFT_COMPILATION_MODE = wholemodule;
				VALIDATE_PRODUCT = YES;
			};
			name = Release;
		};
		D7884D512BCB102F0015967C /* Debug */ = {
			isa = XCBuildConfiguration;
			buildSettings = {
				ASSETCATALOG_COMPILER_APPICON_NAME = AppIcon;
				ASSETCATALOG_COMPILER_GLOBAL_ACCENT_COLOR_NAME = AccentColor;
				CODE_SIGN_STYLE = Automatic;
				CURRENT_PROJECT_VERSION = 1;
				DEVELOPMENT_ASSET_PATHS = "\"LOTRconverter/Preview Content\"";
				DEVELOPMENT_TEAM = R8MWJPD4D4;
				ENABLE_PREVIEWS = YES;
				GENERATE_INFOPLIST_FILE = YES;
				INFOPLIST_KEY_UIApplicationSceneManifest_Generation = YES;
				INFOPLIST_KEY_UIApplicationSupportsIndirectInputEvents = YES;
				INFOPLIST_KEY_UILaunchScreen_Generation = YES;
				INFOPLIST_KEY_UISupportedInterfaceOrientations_iPad = "UIInterfaceOrientationPortrait UIInterfaceOrientationPortraitUpsideDown UIInterfaceOrientationLandscapeLeft UIInterfaceOrientationLandscapeRight";
				INFOPLIST_KEY_UISupportedInterfaceOrientations_iPhone = "UIInterfaceOrientationPortrait UIInterfaceOrientationLandscapeLeft UIInterfaceOrientationLandscapeRight";
				LD_RUNPATH_SEARCH_PATHS = (
					"$(inherited)",
					"@executable_path/Frameworks",
				);
				MARKETING_VERSION = 1.0;
				PRODUCT_BUNDLE_IDENTIFIER = com.wobi.LOTRconverter;
				PRODUCT_NAME = "$(TARGET_NAME)";
				SWIFT_EMIT_LOC_STRINGS = YES;
				SWIFT_VERSION = 5.0;
				TARGETED_DEVICE_FAMILY = "1,2";
			};
			name = Debug;
		};
		D7884D522BCB102F0015967C /* Release */ = {
			isa = XCBuildConfiguration;
			buildSettings = {
				ASSETCATALOG_COMPILER_APPICON_NAME = AppIcon;
				ASSETCATALOG_COMPILER_GLOBAL_ACCENT_COLOR_NAME = AccentColor;
				CODE_SIGN_STYLE = Automatic;
				CURRENT_PROJECT_VERSION = 1;
				DEVELOPMENT_ASSET_PATHS = "\"LOTRconverter/Preview Content\"";
				DEVELOPMENT_TEAM = R8MWJPD4D4;
				ENABLE_PREVIEWS = YES;
				GENERATE_INFOPLIST_FILE = YES;
				INFOPLIST_KEY_UIApplicationSceneManifest_Generation = YES;
				INFOPLIST_KEY_UIApplicationSupportsIndirectInputEvents = YES;
				INFOPLIST_KEY_UILaunchScreen_Generation = YES;
				INFOPLIST_KEY_UISupportedInterfaceOrientations_iPad = "UIInterfaceOrientationPortrait UIInterfaceOrientationPortraitUpsideDown UIInterfaceOrientationLandscapeLeft UIInterfaceOrientationLandscapeRight";
				INFOPLIST_KEY_UISupportedInterfaceOrientations_iPhone = "UIInterfaceOrientationPortrait UIInterfaceOrientationLandscapeLeft UIInterfaceOrientationLandscapeRight";
				LD_RUNPATH_SEARCH_PATHS = (
					"$(inherited)",
					"@executable_path/Frameworks",
				);
				MARKETING_VERSION = 1.0;
				PRODUCT_BUNDLE_IDENTIFIER = com.wobi.LOTRconverter;
				PRODUCT_NAME = "$(TARGET_NAME)";
				SWIFT_EMIT_LOC_STRINGS = YES;
				SWIFT_VERSION = 5.0;
				TARGETED_DEVICE_FAMILY = "1,2";
			};
			name = Release;
		};
/* End XCBuildConfiguration section */

/* Begin XCConfigurationList section */
		D7884D3D2BCB102E0015967C /* Build configuration list for PBXProject "LOTRconverter" */ = {
			isa = XCConfigurationList;
			buildConfigurations = (
				D7884D4E2BCB102F0015967C /* Debug */,
				D7884D4F2BCB102F0015967C /* Release */,
			);
			defaultConfigurationIsVisible = 0;
			defaultConfigurationName = Release;
		};
		D7884D502BCB102F0015967C /* Build configuration list for PBXNativeTarget "LOTRconverter" */ = {
			isa = XCConfigurationList;
			buildConfigurations = (
				D7884D512BCB102F0015967C /* Debug */,
				D7884D522BCB102F0015967C /* Release */,
			);
			defaultConfigurationIsVisible = 0;
			defaultConfigurationName = Release;
		};
/* End XCConfigurationList section */
	};
	rootObject = D7884D3A2BCB102E0015967C /* Project object */;
}
